
Microsoft Visual Studio Solution File, Format Version 12.00
# Visual Studio Version 16
VisualStudioVersion = 16.0.31727.386
MinimumVisualStudioVersion = 10.0.40219.1
Project("{9A19103F-16F7-4668-BE54-9A1E7A4F7556}") = "BalanceChecker", "BalanceChecker.csproj", "{DDF6B65C-B59D-46F5-8FAA-DA5C7432FC4B}"
EndProject
Project("{FAE04EC0-301F-11D3-BF4B-00C04F79EFBC}") = "BalanceChecker.UnitTests", "..\BalanceChecker.UnitTests\BalanceChecker.UnitTests.csproj", "{58A0BA20-F92A-4A3E-BEB3-22B4F0CCA910}"
EndProject
Global
	GlobalSection(SolutionConfigurationPlatforms) = preSolution
		Debug|Any CPU = Debug|Any CPU
		Release|Any CPU = Release|Any CPU
	EndGlobalSection
	GlobalSection(ProjectConfigurationPlatforms) = postSolution
		{DDF6B65C-B59D-46F5-8FAA-DA5C7432FC4B}.Debug|Any CPU.ActiveCfg = Debug|Any CPU
		{DDF6B65C-B59D-46F5-8FAA-DA5C7432FC4B}.Debug|Any CPU.Build.0 = Debug|Any CPU
		{DDF6B65C-B59D-46F5-8FAA-DA5C7432FC4B}.Release|Any CPU.ActiveCfg = Release|Any CPU
		{DDF6B65C-B59D-46F5-8FAA-DA5C7432FC4B}.Release|Any CPU.Build.0 = Release|Any CPU
		{58A0BA20-F92A-4A3E-BEB3-22B4F0CCA910}.Debug|Any CPU.ActiveCfg = Debug|Any CPU
		{58A0BA20-F92A-4A3E-BEB3-22B4F0CCA910}.Debug|Any CPU.Build.0 = Debug|Any CPU
		{58A0BA20-F92A-4A3E-BEB3-22B4F0CCA910}.Release|Any CPU.ActiveCfg = Release|Any CPU
		{58A0BA20-F92A-4A3E-BEB3-22B4F0CCA910}.Release|Any CPU.Build.0 = Release|Any CPU
	EndGlobalSection
	GlobalSection(SolutionProperties) = preSolution
		HideSolutionNode = FALSE
	EndGlobalSection
	GlobalSection(ExtensibilityGlobals) = postSolution
		SolutionGuid = {5F6D2A1B-F58D-47CB-96BF-C7C47A638D43}
	EndGlobalSection
EndGlobal
